{
  "name": "mapmory-trips-experiment",
  "version": "1.0.0",
  "lockfileVersion": 3,
  "requires": true,
  "packages": {
    "": {
      "name": "mapmory-trips-experiment",
      "version": "1.0.0",
      "dependencies": {
        "exifr": "7.1.3",
        "exifreader": "4.44.0",
        "fflate": "0.8.2"
      }
    },
    "node_modules/@xmldom/xmldom": {
      "version": "0.9.12",
      "resolved": "https://registry.npmjs.org/@xmldom/xmldom/-/xmldom-0.9.12.tgz",
      "integrity": "sha512-5AXjrcMClTryPe9LgZrygpB1lj7s0S9E0+W+AHaVKAVyHanafK86iPSvG5xHVSp/jC+VH1UXu0TAEmY279xH7A==",
      "license": "MIT",
      "optional": true,
      "engines": {
        "node": ">=14.6"
      }
    },
    "node_modules/exifr": {
      "version": "7.1.3",
      "resolved": "https://registry.npmjs.org/exifr/-/exifr-7.1.3.tgz",
      "integrity": "sha512-g/aje2noHivrRSLbAUtBPWFbxKdKhgj/xr1vATDdUXPOFYJlQ62Ft0oy+72V6XLIpDJfHs6gXLbBLAolqOXYRw==",
      "license": "MIT"
    },
    "node_modules/exifreader": {
      "version": "4.44.0",
      "resolved": "https://registry.npmjs.org/exifreader/-/exifreader-4.44.0.tgz",
      "integrity": "sha512-NviP4AQgrZHiNZT8IEsXtyaAKLkc0C55dfQ8fyaAXiL59EJLDdsvP/hZhAfTJpdVuHDGHU7GuUZ1qrJtINckvw==",
      "hasInstallScript": true,
      "license": "MPL-2.0",
      "bin": {
        "exifreader": "bin/cli.js"
      },
      "optionalDependencies": {
        "@xmldom/xmldom": "^0.9.10"
      }
    },
    "node_modules/fflate": {
      "version": "0.8.2",
      "resolved": "https://registry.npmjs.org/fflate/-/fflate-0.8.2.tgz",
      "integrity": "sha512-cPJU47OaAoCbg0pBvzsgpTPhmhqI5eJjh/JIu8tPj5q+T7iLvW/JAYUqmE7KOB4R1ZyEhzBaIQpQpardBF5z8A==",
      "license": "MIT"
    }
  }
}
